// !$*UTF8*$!
{
	archiveVersion = 1;
	classes = {
	};
	objectVersion = 46;
	objects = {

/* Begin PBXBuildFile section */
		210C38D21A65D5FA00CCEA68 /* main.m in Sources */ = {isa = PBXBuildFile; fileRef = 210C38D11A65D5FA00CCEA68 /* main.m */; };
/* End PBXBuildFile section */

/* Begin PBXCopyFilesBuildPhase section */
		210C38CC1A65D5FA00CCEA68 /* CopyFiles */ = {
			isa = PBXCopyFilesBuildPhase;
			buildActionMask = 2147483647;
			dstPath = /usr/share/man/man1/;
			dstSubfolderSpec = 0;
			files = (
			);
			runOnlyForDeploymentPostprocessing = 1;
		};
/* End PBXCopyFilesBuildPhase section */

/* Begin PBXFileReference section */
		210C38CE1A65D5FA00CCEA68 /* TestApps */ = {isa = PBXFileReference; explicitFileType = "compiled.mach-o.executable"; includeInIndex = 0; path = TestApps; sourceTree = BUILT_PRODUCTS_DIR; };
		210C38D11A65D5FA00CCEA68 /* main.m */ = {isa = PBXFileReference; lastKnownFileType = sourcecode.c.objc; path = main.m; sourceTree = "<group>"; };
/* End PBXFileReference section */

/* Begin PBXFrameworksBuildPhase section */
		210C38CB1A65D5FA00CCEA68 /* Frameworks */ = {
			isa = PBXFrameworksBuildPhase;
			buildActionMask = 2147483647;
			files = (
			);
			runOnlyForDeploymentPostprocessing = 0;
		};
/* End PBXFrameworksBuildPhase section */

/* Begin PBXGroup section */
		210C38C51A65D5FA00CCEA68 = {
			isa = PBXGroup;
			children = (
				210C38D01A65D5FA00CCEA68 /* TestApps */,
				210C38CF1A65D5FA00CCEA68 /* Products */,
			);
			sourceTree = "<group>";
		};
		210C38CF1A65D5FA00CCEA68 /* Products */ = {
			isa = PBXGroup;
			children = (
				210C38CE1A65D5FA00CCEA68 /* TestApps */,
			);
			name = Products;
			sourceTree = "<group>";
		};
		210C38D01A65D5FA00CCEA68 /* TestApps */ = {
			isa = PBXGroup;
			children = (
				210C38D11A65D5FA00CCEA68 /* main.m */,
			);
			path = TestApps;
			sourceTree = "<group>";
		};
/* End PBXGroup section */

/* Begin PBXNativeTarget section */
		210C38CD1A65D5FA00CCEA68 /* TestApps */ = {
			isa = PBXNativeTarget;
			buildConfigurationList = 210C38D51A65D5FA00CCEA68 /* Build configuration list for PBXNativeTarget "TestApps" */;
			buildPhases = (
				210C38CA1A65D5FA00CCEA68 /* Sources */,
				210C38CB1A65D5FA00CCEA68 /* Frameworks */,
				210C38CC1A65D5FA00CCEA68 /* CopyFiles */,
			);
			buildRules = (
			);
			dependencies = (
			);
			name = TestApps;
			productName = TestApps;
			productReference = 210C38CE1A65D5FA00CCEA68 /* TestApps */;
			productType = "com.apple.product-type.tool";
		};
/* End PBXNativeTarget section */

/* Begin PBXProject section */
		210C38C61A65D5FA00CCEA68 /* Project object */ = {
			isa = PBXProject;
			attributes = {
				LastUpgradeCheck = 0610;
				ORGANIZATIONNAME = "Mandy Fick";
				TargetAttributes = {
					210C38CD1A65D5FA00CCEA68 = {
						CreatedOnToolsVersion = 6.1.1;
					};
				};
			};
			buildConfigurationList = 210C38C91A65D5FA00CCEA68 /* Build configuration list for PBXProject "TestApps" */;
			compatibilityVersion = "Xcode 3.2";
			developmentRegion = English;
			hasScannedForEncodings = 0;
			knownRegions = (
				en,
			);
			mainGroup = 210C38C51A65D5FA00CCEA68;
			productRefGroup = 210C38CF1A65D5FA00CCEA68 /* Products */;
			projectDirPath = "";
			projectRoot = "";
			targets = (
				210C38CD1A65D5FA00CCEA68 /* TestApps */,
			);
		};
/* End PBXProject section */

/* Begin PBXSourcesBuildPhase section */
		210C38CA1A65D5FA00CCEA68 /* Sources */ = {
			isa = PBXSourcesBuildPhase;
			buildActionMask = 2147483647;
			files = (
				210C38D21A65D5FA00CCEA68 /* main.m in Sources */,
			);
			runOnlyForDeploymentPostprocessing = 0;
		};
/* End PBXSourcesBuildPhase section */

/* Begin XCBuildConfiguration section */
		210C38D31A65D5FA00CCEA68 /* Debug */ = {
			isa = XCBuildConfiguration;
			buildSettings = {
				ALWAYS_SEARCH_USER_PATHS = NO;
				CLANG_CXX_LANGUAGE_STANDARD = "gnu++0x";
				CLANG_CXX_LIBRARY = "libc++";
				CLANG_ENABLE_MODULES = YES;
				CLANG_ENABLE_OBJC_ARC = YES;
				CLANG_WARN_BOOL_CONVERSION = YES;
				CLANG_WARN_CONSTANT_CONVERSION = YES;
				CLANG_WARN_DIRECT_OBJC_ISA_USAGE = YES_ERROR;
				CLANG_WARN_EMPTY_BODY = YES;
				CLANG_WARN_ENUM_CONVERSION = YES;
				CLANG_WARN_INT_CONVERSION = YES;
				CLANG_WARN_OBJC_ROOT_CLASS = YES_ERROR;
				CLANG_WARN_UNREACHABLE_CODE = YES;
				CLANG_WARN__DUPLICATE_METHOD_MATCH = YES;
				COPY_PHASE_STRIP = NO;
				ENABLE_STRICT_OBJC_MSGSEND = YES;
				GCC_C_LANGUAGE_STANDARD = gnu99;
				GCC_DYNAMIC_NO_PIC = NO;
				GCC_OPTIMIZATION_LEVEL = 0;
				GCC_PREPROCESSOR_DEFINITIONS = (
					"DEBUG=1",
					"$(inherited)",
				);
				GCC_SYMBOLS_PRIVATE_EXTERN = NO;
				GCC_WARN_64_TO_32_BIT_CONVERSION = YES;
				GCC_WARN_ABOUT_RETURN_TYPE = YES_ERROR;
				GCC_WARN_UNDECLARED_SELECTOR = YES;
				GCC_WARN_UNINITIALIZED_AUTOS = YES_AGGRESSIVE;
				GCC_WARN_UNUSED_FUNCTION = YES;
				GCC_WARN_UNUSED_VARIABLE = YES;
				MACOSX_DEPLOYMENT_TARGET = 10.10;
				MTL_ENABLE_DEBUG_INFO = YES;
				ONLY_ACTIVE_ARCH = YES;
				SDKROOT = macosx;
			};
			name = Debug;
		};
		210C38D41A65D5FA00CCEA68 /* Release */ = {
			isa = XCBuildConfiguration;
			buildSettings = {
				ALWAYS_SEARCH_USER_PATHS = NO;
				CLANG_CXX_LANGUAGE_STANDARD = "gnu++0x";
				CLANG_CXX_LIBRARY = "libc++";
				CLANG_ENABLE_MODULES = YES;
				CLANG_ENABLE_OBJC_ARC = YES;
				CLANG_WARN_BOOL_CONVERSION = YES;
				CLANG_WARN_CONSTANT_CONVERSION = YES;
				CLANG_WARN_DIRECT_OBJC_ISA_USAGE = YES_ERROR;
				CLANG_WARN_EMPTY_BODY = YES;
				CLANG_WARN_ENUM_CONVERSION = YES;
				CLANG_WARN_INT_CONVERSION = YES;
				CLANG_WARN_OBJC_ROOT_CLASS = YES_ERROR;
				CLANG_WARN_UNREACHABLE_CODE = YES;
				CLANG_WARN__DUPLICATE_METHOD_MATCH = YES;
				COPY_PHASE_STRIP = YES;
				DEBUG_INFORMATION_FORMAT = "dwarf-with-dsym";
				ENABLE_NS_ASSERTIONS = NO;
				ENABLE_STRICT_OBJC_MSGSEND = YES;
				GCC_C_LANGUAGE_STANDARD = gnu99;
				GCC_WARN_64_TO_32_BIT_CONVERSION = YES;
				GCC_WARN_ABOUT_RETURN_TYPE = YES_ERROR;
				GCC_WARN_UNDECLARED_SELECTOR = YES;
				GCC_WARN_UNINITIALIZED_AUTOS = YES_AGGRESSIVE;
				GCC_WARN_UNUSED_FUNCTION = YES;
				GCC_WARN_UNUSED_VARIABLE = YES;
				MACOSX_DEPLOYMENT_TARGET = 10.10;
				MTL_ENABLE_DEBUG_INFO = NO;
				SDKROOT = macosx;
			};
			name = Release;
		};
		210C38D61A65D5FA00CCEA68 /* Debug */ = {
			isa = XCBuildConfiguration;
			buildSettings = {
				PRODUCT_NAME = "$(TARGET_NAME)";
			};
			name = Debug;
		};
		210C38D71A65D5FA00CCEA68 /* Release */ = {
			isa = XCBuildConfiguration;
			buildSettings = {
				PRODUCT_NAME = "$(TARGET_NAME)";
			};
			name = Release;
		};
/* End XCBuildConfiguration section */

/* Begin XCConfigurationList section */
		210C38C91A65D5FA00CCEA68 /* Build configuration list for PBXProject "TestApps" */ = {
			isa = XCConfigurationList;
			buildConfigurations = (
				210C38D31A65D5FA00CCEA68 /* Debug */,
				210C38D41A65D5FA00CCEA68 /* Release */,
			);
			defaultConfigurationIsVisible = 0;
			defaultConfigurationName = Release;
		};
		210C38D51A65D5FA00CCEA68 /* Build configuration list for PBXNativeTarget "TestApps" */ = {
			isa = XCConfigurationList;
			buildConfigurations = (
				210C38D61A65D5FA00CCEA68 /* Debug */,
				210C38D71A65D5FA00CCEA68 /* Release */,
			);
			defaultConfigurationIsVisible = 0;
		};
/* End XCConfigurationList section */
	};
	rootObject = 210C38C61A65D5FA00CCEA68 /* Project object */;
}
